# THIS IS AN AUTOGENERATED FILE. DO NOT EDIT THIS FILE DIRECTLY.
# yarn lockfile v1


acorn-jsx@^5.3.2:
  version "5.3.2"
  resolved "https://registry.npmmirror.com/acorn-jsx/-/acorn-jsx-5.3.2.tgz#7ed5bb55908b3b2f1bc55c6af1653bada7f07937"
  integrity sha512-rq9s+JNhf0IChjtDXxllJ7g41oZk5SlXtp0LHwyA5cejwn7vKmKp4pPri6YEePv2PU65sAsegbXtIinmDFDXgQ==

acorn@^8.7.1:
  version "8.15.0"
  resolved "https://registry.npmmirror.com/acorn/-/acorn-8.15.0.tgz#a360898bc415edaac46c8241f6383975b930b816"
  integrity sha512-NZyJarBfL7nWwIq+FDL6Zp/yHEhePMNnnJ0y3qfieCrmNvYct8uvtiV41UvlSe6apAfk0fY1FbWx+NwfmpvtTg==

eslint-visitor-keys@^3.3.0:
  version "3.4.3"
  resolved "https://registry.npmmirror.com/eslint-visitor-keys/-/eslint-visitor-keys-3.4.3.tgz#0cd72fe8550e3c2eae156a96a4dddcd1c8ac5800"
  integrity sha512-wpc+LXeiyiisxPlEkUzU6svyS1frIO3Mgxj1fdy7Pm8Ygzguax2N3Fa/D/ag1WqbOprdI+uY6wMUl8/a2G+iag==

espree@9.3.2:
  version "9.3.2"
  resolved "https://registry.npmmirror.com/espree/-/espree-9.3.2.tgz#f58f77bd334731182801ced3380a8cc859091596"
  integrity sha512-D211tC7ZwouTIuY5x9XnS0E9sWNChB7IYKX/Xp5eQj3nFXhqmiUDB9q27y76oFl8jTg3pXcQx/bpxMfs3CIZbA==
  dependencies:
    acorn "^8.7.1"
    acorn-jsx "^5.3.2"
    eslint-visitor-keys "^3.3.0"
